
Microsoft Visual Studio Solution File, Format Version 12.00
# Visual Studio Version 16
VisualStudioVersion = 16.0.29609.76
MinimumVisualStudioVersion = 10.0.40219.1
Project("{FAE04EC0-301F-11D3-BF4B-00C04F79EFBC}") = "DesignPatternTestProject", "DesignPatternTestProject\DesignPatternTestProject.csproj", "{034AC9A1-ABDF-4D59-B61D-90515B80E6AB}"
EndProject
Global
	GlobalSection(SolutionConfigurationPlatforms) = preSolution
		Debug|Any CPU = Debug|Any CPU
		Release|Any CPU = Release|Any CPU
	EndGlobalSection
	GlobalSection(ProjectConfigurationPlatforms) = postSolution
		{034AC9A1-ABDF-4D59-B61D-90515B80E6AB}.Debug|Any CPU.ActiveCfg = Debug|Any CPU
		{034AC9A1-ABDF-4D59-B61D-90515B80E6AB}.Debug|Any CPU.Build.0 = Debug|Any CPU
		{034AC9A1-ABDF-4D59-B61D-90515B80E6AB}.Release|Any CPU.ActiveCfg = Release|Any CPU
		{034AC9A1-ABDF-4D59-B61D-90515B80E6AB}.Release|Any CPU.Build.0 = Release|Any CPU
	EndGlobalSection
	GlobalSection(SolutionProperties) = preSolution
		HideSolutionNode = FALSE
	EndGlobalSection
	GlobalSection(ExtensibilityGlobals) = postSolution
		SolutionGuid = {47E231C6-8FD9-4092-AC93-4BEF132D73BF}
	EndGlobalSection
EndGlobal
